
Microsoft Visual Studio Solution File, Format Version 12.00
# Visual Studio Version 17
VisualStudioVersion = 17.12.35527.113 d17.12
MinimumVisualStudioVersion = 10.0.40219.1
Project("{FAE04EC0-301F-11D3-BF4B-00C04F79EFBC}") = "GME1011_StarFall_Koven", "GME1011_StarFall_Koven\GME1011_StarFall_Koven.csproj", "{A63B2B7E-FE7E-4878-9901-258EBDDB613C}"
EndProject
Global
	GlobalSection(SolutionConfigurationPlatforms) = preSolution
		Debug|Any CPU = Debug|Any CPU
		Release|Any CPU = Release|Any CPU
	EndGlobalSection
	GlobalSection(ProjectConfigurationPlatforms) = postSolution
		{A63B2B7E-FE7E-4878-9901-258EBDDB613C}.Debug|Any CPU.ActiveCfg = Debug|Any CPU
		{A63B2B7E-FE7E-4878-9901-258EBDDB613C}.Debug|Any CPU.Build.0 = Debug|Any CPU
		{A63B2B7E-FE7E-4878-9901-258EBDDB613C}.Release|Any CPU.ActiveCfg = Release|Any CPU
		{A63B2B7E-FE7E-4878-9901-258EBDDB613C}.Release|Any CPU.Build.0 = Release|Any CPU
	EndGlobalSection
	GlobalSection(SolutionProperties) = preSolution
		HideSolutionNode = FALSE
	EndGlobalSection
EndGlobal
